
Microsoft Visual Studio Solution File, Format Version 12.00
# Visual Studio Version 17
VisualStudioVersion = 17.8.34330.188
MinimumVisualStudioVersion = 10.0.40219.1
Project("{FAE04EC0-301F-11D3-BF4B-00C04F79EFBC}") = "BasicWeatherApi", "BasicWeatherApi\BasicWeatherApi.csproj", "{19D4C5C8-8818-4297-B40B-B64C59E5622C}"
EndProject
Global
	GlobalSection(SolutionConfigurationPlatforms) = preSolution
		Debug|Any CPU = Debug|Any CPU
		Release|Any CPU = Release|Any CPU
	EndGlobalSection
	GlobalSection(ProjectConfigurationPlatforms) = postSolution
		{19D4C5C8-8818-4297-B40B-B64C59E5622C}.Debug|Any CPU.ActiveCfg = Debug|Any CPU
		{19D4C5C8-8818-4297-B40B-B64C59E5622C}.Debug|Any CPU.Build.0 = Debug|Any CPU
		{19D4C5C8-8818-4297-B40B-B64C59E5622C}.Release|Any CPU.ActiveCfg = Release|Any CPU
		{19D4C5C8-8818-4297-B40B-B64C59E5622C}.Release|Any CPU.Build.0 = Release|Any CPU
	EndGlobalSection
	GlobalSection(SolutionProperties) = preSolution
		HideSolutionNode = FALSE
	EndGlobalSection
	GlobalSection(ExtensibilityGlobals) = postSolution
		SolutionGuid = {C59C98D9-9E2B-427E-9069-B1A5889BAE17}
	EndGlobalSection
EndGlobal
